// !$*UTF8*$!
{
	archiveVersion = 1;
	classes = {
	};
	objectVersion = 56;
	objects = {

/* Begin PBXBuildFile section */
		F27215D72BA0C8E100BFC4CA /* CryptoAppApp.swift in Sources */ = {isa = PBXBuildFile; fileRef = F27215D62BA0C8E100BFC4CA /* CryptoAppApp.swift */; };
		F27215D92BA0C8E100BFC4CA /* ContentView.swift in Sources */ = {isa = PBXBuildFile; fileRef = F27215D82BA0C8E100BFC4CA /* ContentView.swift */; };
		F27215DB2BA0C8E200BFC4CA /* Assets.xcassets in Resources */ = {isa = PBXBuildFile; fileRef = F27215DA2BA0C8E200BFC4CA /* Assets.xcassets */; };
		F27215DE2BA0C8E200BFC4CA /* Preview Assets.xcassets in Resources */ = {isa = PBXBuildFile; fileRef = F27215DD2BA0C8E200BFC4CA /* Preview Assets.xcassets */; };
		F27215E02BA0C8E200BFC4CA /* Persistence.swift in Sources */ = {isa = PBXBuildFile; fileRef = F27215DF2BA0C8E200BFC4CA /* Persistence.swift */; };
		F27215E32BA0C8E200BFC4CA /* CryptoApp.xcdatamodeld in Sources */ = {isa = PBXBuildFile; fileRef = F27215E12BA0C8E200BFC4CA /* CryptoApp.xcdatamodeld */; };
		F27215EB2BA0CA4900BFC4CA /* Color.swift in Sources */ = {isa = PBXBuildFile; fileRef = F27215EA2BA0CA4900BFC4CA /* Color.swift */; };
		F27215F22BA0D00300BFC4CA /* HomeView.swift in Sources */ = {isa = PBXBuildFile; fileRef = F27215F12BA0D00300BFC4CA /* HomeView.swift */; };
		F27215F62BA0D13C00BFC4CA /* CircleButtonView.swift in Sources */ = {isa = PBXBuildFile; fileRef = F27215F52BA0D13C00BFC4CA /* CircleButtonView.swift */; };
		F27215F82BA0D65500BFC4CA /* CircleButtonAnimationView.swift in Sources */ = {isa = PBXBuildFile; fileRef = F27215F72BA0D65500BFC4CA /* CircleButtonAnimationView.swift */; };
		F27215FB2BA0DB8600BFC4CA /* CoinModel.swift in Sources */ = {isa = PBXBuildFile; fileRef = F27215FA2BA0DB8600BFC4CA /* CoinModel.swift */; };
/* End PBXBuildFile section */

/* Begin PBXFileReference section */
		F27215D32BA0C8E100BFC4CA /* CryptoApp.app */ = {isa = PBXFileReference; explicitFileType = wrapper.application; includeInIndex = 0; path = CryptoApp.app; sourceTree = BUILT_PRODUCTS_DIR; };
		F27215D62BA0C8E100BFC4CA /* CryptoAppApp.swift */ = {isa = PBXFileReference; lastKnownFileType = sourcecode.swift; path = CryptoAppApp.swift; sourceTree = "<group>"; };
		F27215D82BA0C8E100BFC4CA /* ContentView.swift */ = {isa = PBXFileReference; lastKnownFileType = sourcecode.swift; path = ContentView.swift; sourceTree = "<group>"; };
		F27215DA2BA0C8E200BFC4CA /* Assets.xcassets */ = {isa = PBXFileReference; lastKnownFileType = folder.assetcatalog; path = Assets.xcassets; sourceTree = "<group>"; };
		F27215DD2BA0C8E200BFC4CA /* Preview Assets.xcassets */ = {isa = PBXFileReference; lastKnownFileType = folder.assetcatalog; path = "Preview Assets.xcassets"; sourceTree = "<group>"; };
		F27215DF2BA0C8E200BFC4CA /* Persistence.swift */ = {isa = PBXFileReference; lastKnownFileType = sourcecode.swift; path = Persistence.swift; sourceTree = "<group>"; };
		F27215E22BA0C8E200BFC4CA /* CryptoApp.xcdatamodel */ = {isa = PBXFileReference; lastKnownFileType = wrapper.xcdatamodel; path = CryptoApp.xcdatamodel; sourceTree = "<group>"; };
		F27215EA2BA0CA4900BFC4CA /* Color.swift */ = {isa = PBXFileReference; lastKnownFileType = sourcecode.swift; path = Color.swift; sourceTree = "<group>"; };
		F27215F12BA0D00300BFC4CA /* HomeView.swift */ = {isa = PBXFileReference; lastKnownFileType = sourcecode.swift; path = HomeView.swift; sourceTree = "<group>"; };
		F27215F52BA0D13C00BFC4CA /* CircleButtonView.swift */ = {isa = PBXFileReference; lastKnownFileType = sourcecode.swift; path = CircleButtonView.swift; sourceTree = "<group>"; };
		F27215F72BA0D65500BFC4CA /* CircleButtonAnimationView.swift */ = {isa = PBXFileReference; lastKnownFileType = sourcecode.swift; path = CircleButtonAnimationView.swift; sourceTree = "<group>"; };
		F27215FA2BA0DB8600BFC4CA /* CoinModel.swift */ = {isa = PBXFileReference; lastKnownFileType = sourcecode.swift; path = CoinModel.swift; sourceTree = "<group>"; };
/* End PBXFileReference section */

/* Begin PBXFrameworksBuildPhase section */
		F27215D02BA0C8E100BFC4CA /* Frameworks */ = {
			isa = PBXFrameworksBuildPhase;
			buildActionMask = 2147483647;
			files = (
			);
			runOnlyForDeploymentPostprocessing = 0;
		};
/* End PBXFrameworksBuildPhase section */

/* Begin PBXGroup section */
		F27215CA2BA0C8E100BFC4CA = {
			isa = PBXGroup;
			children = (
				F27215D52BA0C8E100BFC4CA /* CryptoApp */,
				F27215D42BA0C8E100BFC4CA /* Products */,
			);
			sourceTree = "<group>";
		};
		F27215D42BA0C8E100BFC4CA /* Products */ = {
			isa = PBXGroup;
			children = (
				F27215D32BA0C8E100BFC4CA /* CryptoApp.app */,
			);
			name = Products;
			sourceTree = "<group>";
		};
		F27215D52BA0C8E100BFC4CA /* CryptoApp */ = {
			isa = PBXGroup;
			children = (
				F27215F92BA0DB6400BFC4CA /* Models */,
				F27215ED2BA0CFB300BFC4CA /* App */,
				F27215E92BA0CA3B00BFC4CA /* Extensions */,
				F27215EC2BA0CFA900BFC4CA /* Core */,
				F27215D82BA0C8E100BFC4CA /* ContentView.swift */,
				F27215DA2BA0C8E200BFC4CA /* Assets.xcassets */,
				F27215DF2BA0C8E200BFC4CA /* Persistence.swift */,
				F27215E12BA0C8E200BFC4CA /* CryptoApp.xcdatamodeld */,
				F27215DC2BA0C8E200BFC4CA /* Preview Content */,
			);
			path = CryptoApp;
			sourceTree = "<group>";
		};
		F27215DC2BA0C8E200BFC4CA /* Preview Content */ = {
			isa = PBXGroup;
			children = (
				F27215DD2BA0C8E200BFC4CA /* Preview Assets.xcassets */,
			);
			path = "Preview Content";
			sourceTree = "<group>";
		};
		F27215E92BA0CA3B00BFC4CA /* Extensions */ = {
			isa = PBXGroup;
			children = (
				F27215EA2BA0CA4900BFC4CA /* Color.swift */,
			);
			path = Extensions;
			sourceTree = "<group>";
		};
		F27215EC2BA0CFA900BFC4CA /* Core */ = {
			isa = PBXGroup;
			children = (
				F27215F32BA0D10600BFC4CA /* Components */,
				F27215EE2BA0CFC900BFC4CA /* Home */,
			);
			path = Core;
			sourceTree = "<group>";
		};
		F27215ED2BA0CFB300BFC4CA /* App */ = {
			isa = PBXGroup;
			children = (
				F27215D62BA0C8E100BFC4CA /* CryptoAppApp.swift */,
			);
			path = App;
			sourceTree = "<group>";
		};
		F27215EE2BA0CFC900BFC4CA /* Home */ = {
			isa = PBXGroup;
			children = (
				F27215F02BA0CFD300BFC4CA /* ViewModels */,
				F27215EF2BA0CFCF00BFC4CA /* Views */,
			);
			path = Home;
			sourceTree = "<group>";
		};
		F27215EF2BA0CFCF00BFC4CA /* Views */ = {
			isa = PBXGroup;
			children = (
				F27215F12BA0D00300BFC4CA /* HomeView.swift */,
			);
			path = Views;
			sourceTree = "<group>";
		};
		F27215F02BA0CFD300BFC4CA /* ViewModels */ = {
			isa = PBXGroup;
			children = (
			);
			path = ViewModels;
			sourceTree = "<group>";
		};
		F27215F32BA0D10600BFC4CA /* Components */ = {
			isa = PBXGroup;
			children = (
				F27215F42BA0D12900BFC4CA /* CircleButton */,
			);
			path = Components;
			sourceTree = "<group>";
		};
		F27215F42BA0D12900BFC4CA /* CircleButton */ = {
			isa = PBXGroup;
			children = (
				F27215F52BA0D13C00BFC4CA /* CircleButtonView.swift */,
				F27215F72BA0D65500BFC4CA /* CircleButtonAnimationView.swift */,
			);
			path = CircleButton;
			sourceTree = "<group>";
		};
		F27215F92BA0DB6400BFC4CA /* Models */ = {
			isa = PBXGroup;
			children = (
				F27215FA2BA0DB8600BFC4CA /* CoinModel.swift */,
			);
			path = Models;
			sourceTree = "<group>";
		};
/* End PBXGroup section */

/* Begin PBXNativeTarget section */
		F27215D22BA0C8E100BFC4CA /* CryptoApp */ = {
			isa = PBXNativeTarget;
			buildConfigurationList = F27215E62BA0C8E200BFC4CA /* Build configuration list for PBXNativeTarget "CryptoApp" */;
			buildPhases = (
				F27215CF2BA0C8E100BFC4CA /* Sources */,
				F27215D02BA0C8E100BFC4CA /* Frameworks */,
				F27215D12BA0C8E100BFC4CA /* Resources */,
			);
			buildRules = (
			);
			dependencies = (
			);
			name = CryptoApp;
			productName = CryptoApp;
			productReference = F27215D32BA0C8E100BFC4CA /* CryptoApp.app */;
			productType = "com.apple.product-type.application";
		};
/* End PBXNativeTarget section */

/* Begin PBXProject section */
		F27215CB2BA0C8E100BFC4CA /* Project object */ = {
			isa = PBXProject;
			attributes = {
				BuildIndependentTargetsInParallel = 1;
				LastSwiftUpdateCheck = 1530;
				LastUpgradeCheck = 1530;
				TargetAttributes = {
					F27215D22BA0C8E100BFC4CA = {
						CreatedOnToolsVersion = 15.3;
					};
				};
			};
			buildConfigurationList = F27215CE2BA0C8E100BFC4CA /* Build configuration list for PBXProject "CryptoApp" */;
			compatibilityVersion = "Xcode 14.0";
			developmentRegion = en;
			hasScannedForEncodings = 0;
			knownRegions = (
				en,
				Base,
			);
			mainGroup = F27215CA2BA0C8E100BFC4CA;
			productRefGroup = F27215D42BA0C8E100BFC4CA /* Products */;
			projectDirPath = "";
			projectRoot = "";
			targets = (
				F27215D22BA0C8E100BFC4CA /* CryptoApp */,
			);
		};
/* End PBXProject section */

/* Begin PBXResourcesBuildPhase section */
		F27215D12BA0C8E100BFC4CA /* Resources */ = {
			isa = PBXResourcesBuildPhase;
			buildActionMask = 2147483647;
			files = (
				F27215DE2BA0C8E200BFC4CA /* Preview Assets.xcassets in Resources */,
				F27215DB2BA0C8E200BFC4CA /* Assets.xcassets in Resources */,
			);
			runOnlyForDeploymentPostprocessing = 0;
		};
/* End PBXResourcesBuildPhase section */

/* Begin PBXSourcesBuildPhase section */
		F27215CF2BA0C8E100BFC4CA /* Sources */ = {
			isa = PBXSourcesBuildPhase;
			buildActionMask = 2147483647;
			files = (
				F27215E32BA0C8E200BFC4CA /* CryptoApp.xcdatamodeld in Sources */,
				F27215E02BA0C8E200BFC4CA /* Persistence.swift in Sources */,
				F27215F62BA0D13C00BFC4CA /* CircleButtonView.swift in Sources */,
				F27215F82BA0D65500BFC4CA /* CircleButtonAnimationView.swift in Sources */,
				F27215D92BA0C8E100BFC4CA /* ContentView.swift in Sources */,
				F27215F22BA0D00300BFC4CA /* HomeView.swift in Sources */,
				F27215EB2BA0CA4900BFC4CA /* Color.swift in Sources */,
				F27215FB2BA0DB8600BFC4CA /* CoinModel.swift in Sources */,
				F27215D72BA0C8E100BFC4CA /* CryptoAppApp.swift in Sources */,
			);
			runOnlyForDeploymentPostprocessing = 0;
		};
/* End PBXSourcesBuildPhase section */

/* Begin XCBuildConfiguration section */
		F27215E42BA0C8E200BFC4CA /* Debug */ = {
			isa = XCBuildConfiguration;
			buildSettings = {
				ALWAYS_SEARCH_USER_PATHS = NO;
				ASSETCATALOG_COMPILER_GENERATE_SWIFT_ASSET_SYMBOL_EXTENSIONS = YES;
				CLANG_ANALYZER_NONNULL = YES;
				CLANG_ANALYZER_NUMBER_OBJECT_CONVERSION = YES_AGGRESSIVE;
				CLANG_CXX_LANGUAGE_STANDARD = "gnu++20";
				CLANG_ENABLE_MODULES = YES;
				CLANG_ENABLE_OBJC_ARC = YES;
				CLANG_ENABLE_OBJC_WEAK = YES;
				CLANG_WARN_BLOCK_CAPTURE_AUTORELEASING = YES;
				CLANG_WARN_BOOL_CONVERSION = YES;
				CLANG_WARN_COMMA = YES;
				CLANG_WARN_CONSTANT_CONVERSION = YES;
				CLANG_WARN_DEPRECATED_OBJC_IMPLEMENTATIONS = YES;
				CLANG_WARN_DIRECT_OBJC_ISA_USAGE = YES_ERROR;
				CLANG_WARN_DOCUMENTATION_COMMENTS = YES;
				CLANG_WARN_EMPTY_BODY = YES;
				CLANG_WARN_ENUM_CONVERSION = YES;
				CLANG_WARN_INFINITE_RECURSION = YES;
				CLANG_WARN_INT_CONVERSION = YES;
				CLANG_WARN_NON_LITERAL_NULL_CONVERSION = YES;
				CLANG_WARN_OBJC_IMPLICIT_RETAIN_SELF = YES;
				CLANG_WARN_OBJC_LITERAL_CONVERSION = YES;
				CLANG_WARN_OBJC_ROOT_CLASS = YES_ERROR;
				CLANG_WARN_QUOTED_INCLUDE_IN_FRAMEWORK_HEADER = YES;
				CLANG_WARN_RANGE_LOOP_ANALYSIS = YES;
				CLANG_WARN_STRICT_PROTOTYPES = YES;
				CLANG_WARN_SUSPICIOUS_MOVE = YES;
				CLANG_WARN_UNGUARDED_AVAILABILITY = YES_AGGRESSIVE;
				CLANG_WARN_UNREACHABLE_CODE = YES;
				CLANG_WARN__DUPLICATE_METHOD_MATCH = YES;
				COPY_PHASE_STRIP = NO;
				DEBUG_INFORMATION_FORMAT = dwarf;
				ENABLE_STRICT_OBJC_MSGSEND = YES;
				ENABLE_TESTABILITY = YES;
				ENABLE_USER_SCRIPT_SANDBOXING = YES;
				GCC_C_LANGUAGE_STANDARD = gnu17;
				GCC_DYNAMIC_NO_PIC = NO;
				GCC_NO_COMMON_BLOCKS = YES;
				GCC_OPTIMIZATION_LEVEL = 0;
				GCC_PREPROCESSOR_DEFINITIONS = (
					"DEBUG=1",
					"$(inherited)",
				);
				GCC_WARN_64_TO_32_BIT_CONVERSION = YES;
				GCC_WARN_ABOUT_RETURN_TYPE = YES_ERROR;
				GCC_WARN_UNDECLARED_SELECTOR = YES;
				GCC_WARN_UNINITIALIZED_AUTOS = YES_AGGRESSIVE;
				GCC_WARN_UNUSED_FUNCTION = YES;
				GCC_WARN_UNUSED_VARIABLE = YES;
				IPHONEOS_DEPLOYMENT_TARGET = 17.4;
				LOCALIZATION_PREFERS_STRING_CATALOGS = YES;
				MTL_ENABLE_DEBUG_INFO = INCLUDE_SOURCE;
				MTL_FAST_MATH = YES;
				ONLY_ACTIVE_ARCH = YES;
				SDKROOT = iphoneos;
				SWIFT_ACTIVE_COMPILATION_CONDITIONS = "DEBUG $(inherited)";
				SWIFT_OPTIMIZATION_LEVEL = "-Onone";
			};
			name = Debug;
		};
		F27215E52BA0C8E200BFC4CA /* Release */ = {
			isa = XCBuildConfiguration;
			buildSettings = {
				ALWAYS_SEARCH_USER_PATHS = NO;
				ASSETCATALOG_COMPILER_GENERATE_SWIFT_ASSET_SYMBOL_EXTENSIONS = YES;
				CLANG_ANALYZER_NONNULL = YES;
				CLANG_ANALYZER_NUMBER_OBJECT_CONVERSION = YES_AGGRESSIVE;
				CLANG_CXX_LANGUAGE_STANDARD = "gnu++20";
				CLANG_ENABLE_MODULES = YES;
				CLANG_ENABLE_OBJC_ARC = YES;
				CLANG_ENABLE_OBJC_WEAK = YES;
				CLANG_WARN_BLOCK_CAPTURE_AUTORELEASING = YES;
				CLANG_WARN_BOOL_CONVERSION = YES;
				CLANG_WARN_COMMA = YES;
				CLANG_WARN_CONSTANT_CONVERSION = YES;
				CLANG_WARN_DEPRECATED_OBJC_IMPLEMENTATIONS = YES;
				CLANG_WARN_DIRECT_OBJC_ISA_USAGE = YES_ERROR;
				CLANG_WARN_DOCUMENTATION_COMMENTS = YES;
				CLANG_WARN_EMPTY_BODY = YES;
				CLANG_WARN_ENUM_CONVERSION = YES;
				CLANG_WARN_INFINITE_RECURSION = YES;
				CLANG_WARN_INT_CONVERSION = YES;
				CLANG_WARN_NON_LITERAL_NULL_CONVERSION = YES;
				CLANG_WARN_OBJC_IMPLICIT_RETAIN_SELF = YES;
				CLANG_WARN_OBJC_LITERAL_CONVERSION = YES;
				CLANG_WARN_OBJC_ROOT_CLASS = YES_ERROR;
				CLANG_WARN_QUOTED_INCLUDE_IN_FRAMEWORK_HEADER = YES;
				CLANG_WARN_RANGE_LOOP_ANALYSIS = YES;
				CLANG_WARN_STRICT_PROTOTYPES = YES;
				CLANG_WARN_SUSPICIOUS_MOVE = YES;
				CLANG_WARN_UNGUARDED_AVAILABILITY = YES_AGGRESSIVE;
				CLANG_WARN_UNREACHABLE_CODE = YES;
				CLANG_WARN__DUPLICATE_METHOD_MATCH = YES;
				COPY_PHASE_STRIP = NO;
				DEBUG_INFORMATION_FORMAT = "dwarf-with-dsym";
				ENABLE_NS_ASSERTIONS = NO;
				ENABLE_STRICT_OBJC_MSGSEND = YES;
				ENABLE_USER_SCRIPT_SANDBOXING = YES;
				GCC_C_LANGUAGE_STANDARD = gnu17;
				GCC_NO_COMMON_BLOCKS = YES;
				GCC_WARN_64_TO_32_BIT_CONVERSION = YES;
				GCC_WARN_ABOUT_RETURN_TYPE = YES_ERROR;
				GCC_WARN_UNDECLARED_SELECTOR = YES;
				GCC_WARN_UNINITIALIZED_AUTOS = YES_AGGRESSIVE;
				GCC_WARN_UNUSED_FUNCTION = YES;
				GCC_WARN_UNUSED_VARIABLE = YES;
				IPHONEOS_DEPLOYMENT_TARGET = 17.4;
				LOCALIZATION_PREFERS_STRING_CATALOGS = YES;
				MTL_ENABLE_DEBUG_INFO = NO;
				MTL_FAST_MATH = YES;
				SDKROOT = iphoneos;
				SWIFT_COMPILATION_MODE = wholemodule;
				VALIDATE_PRODUCT = YES;
			};
			name = Release;
		};
		F27215E72BA0C8E200BFC4CA /* Debug */ = {
			isa = XCBuildConfiguration;
			buildSettings = {
				ASSETCATALOG_COMPILER_APPICON_NAME = AppIcon;
				ASSETCATALOG_COMPILER_GLOBAL_ACCENT_COLOR_NAME = AccentColor;
				CODE_SIGN_STYLE = Automatic;
				CURRENT_PROJECT_VERSION = 1;
				DEVELOPMENT_ASSET_PATHS = "\"CryptoApp/Preview Content\"";
				DEVELOPMENT_TEAM = 8VP935Z67L;
				ENABLE_PREVIEWS = YES;
				GENERATE_INFOPLIST_FILE = YES;
				INFOPLIST_KEY_UIApplicationSceneManifest_Generation = YES;
				INFOPLIST_KEY_UIApplicationSupportsIndirectInputEvents = YES;
				INFOPLIST_KEY_UILaunchScreen_Generation = YES;
				INFOPLIST_KEY_UISupportedInterfaceOrientations_iPad = "UIInterfaceOrientationPortrait UIInterfaceOrientationPortraitUpsideDown UIInterfaceOrientationLandscapeLeft UIInterfaceOrientationLandscapeRight";
				INFOPLIST_KEY_UISupportedInterfaceOrientations_iPhone = "UIInterfaceOrientationPortrait UIInterfaceOrientationLandscapeLeft UIInterfaceOrientationLandscapeRight";
				LD_RUNPATH_SEARCH_PATHS = (
					"$(inherited)",
					"@executable_path/Frameworks",
				);
				MARKETING_VERSION = 1.0;
				PRODUCT_BUNDLE_IDENTIFIER = com.suayipemre.CryptoApp;
				PRODUCT_NAME = "$(TARGET_NAME)";
				SWIFT_EMIT_LOC_STRINGS = YES;
				SWIFT_VERSION = 5.0;
				TARGETED_DEVICE_FAMILY = "1,2";
			};
			name = Debug;
		};
		F27215E82BA0C8E200BFC4CA /* Release */ = {
			isa = XCBuildConfiguration;
			buildSettings = {
				ASSETCATALOG_COMPILER_APPICON_NAME = AppIcon;
				ASSETCATALOG_COMPILER_GLOBAL_ACCENT_COLOR_NAME = AccentColor;
				CODE_SIGN_STYLE = Automatic;
				CURRENT_PROJECT_VERSION = 1;
				DEVELOPMENT_ASSET_PATHS = "\"CryptoApp/Preview Content\"";
				DEVELOPMENT_TEAM = 8VP935Z67L;
				ENABLE_PREVIEWS = YES;
				GENERATE_INFOPLIST_FILE = YES;
				INFOPLIST_KEY_UIApplicationSceneManifest_Generation = YES;
				INFOPLIST_KEY_UIApplicationSupportsIndirectInputEvents = YES;
				INFOPLIST_KEY_UILaunchScreen_Generation = YES;
				INFOPLIST_KEY_UISupportedInterfaceOrientations_iPad = "UIInterfaceOrientationPortrait UIInterfaceOrientationPortraitUpsideDown UIInterfaceOrientationLandscapeLeft UIInterfaceOrientationLandscapeRight";
				INFOPLIST_KEY_UISupportedInterfaceOrientations_iPhone = "UIInterfaceOrientationPortrait UIInterfaceOrientationLandscapeLeft UIInterfaceOrientationLandscapeRight";
				LD_RUNPATH_SEARCH_PATHS = (
					"$(inherited)",
					"@executable_path/Frameworks",
				);
				MARKETING_VERSION = 1.0;
				PRODUCT_BUNDLE_IDENTIFIER = com.suayipemre.CryptoApp;
				PRODUCT_NAME = "$(TARGET_NAME)";
				SWIFT_EMIT_LOC_STRINGS = YES;
				SWIFT_VERSION = 5.0;
				TARGETED_DEVICE_FAMILY = "1,2";
			};
			name = Release;
		};
/* End XCBuildConfiguration section */

/* Begin XCConfigurationList section */
		F27215CE2BA0C8E100BFC4CA /* Build configuration list for PBXProject "CryptoApp" */ = {
			isa = XCConfigurationList;
			buildConfigurations = (
				F27215E42BA0C8E200BFC4CA /* Debug */,
				F27215E52BA0C8E200BFC4CA /* Release */,
			);
			defaultConfigurationIsVisible = 0;
			defaultConfigurationName = Release;
		};
		F27215E62BA0C8E200BFC4CA /* Build configuration list for PBXNativeTarget "CryptoApp" */ = {
			isa = XCConfigurationList;
			buildConfigurations = (
				F27215E72BA0C8E200BFC4CA /* Debug */,
				F27215E82BA0C8E200BFC4CA /* Release */,
			);
			defaultConfigurationIsVisible = 0;
			defaultConfigurationName = Release;
		};
/* End XCConfigurationList section */

/* Begin XCVersionGroup section */
		F27215E12BA0C8E200BFC4CA /* CryptoApp.xcdatamodeld */ = {
			isa = XCVersionGroup;
			children = (
				F27215E22BA0C8E200BFC4CA /* CryptoApp.xcdatamodel */,
			);
			currentVersion = F27215E22BA0C8E200BFC4CA /* CryptoApp.xcdatamodel */;
			path = CryptoApp.xcdatamodeld;
			sourceTree = "<group>";
			versionGroupType = wrapper.xcdatamodel;
		};
/* End XCVersionGroup section */
	};
	rootObject = F27215CB2BA0C8E100BFC4CA /* Project object */;
}
