// !$*UTF8*$!
{
	archiveVersion = 1;
	classes = {
	};
	objectVersion = 56;
	objects = {

/* Begin PBXBuildFile section */
		F21C953C2BA6373E0046BDAB /* HapticManager.swift in Sources */ = {isa = PBXBuildFile; fileRef = F21C953B2BA6373E0046BDAB /* HapticManager.swift */; };
		F21C95412BA64DDF0046BDAB /* DetailView.swift in Sources */ = {isa = PBXBuildFile; fileRef = F21C95402BA64DDF0046BDAB /* DetailView.swift */; };
		F21C95432BA6590D0046BDAB /* CoinDetailModel.swift in Sources */ = {isa = PBXBuildFile; fileRef = F21C95422BA6590D0046BDAB /* CoinDetailModel.swift */; };
		F21C95452BA65C9D0046BDAB /* DetailViewModel.swift in Sources */ = {isa = PBXBuildFile; fileRef = F21C95442BA65C9D0046BDAB /* DetailViewModel.swift */; };
		F21C95472BA65CC70046BDAB /* CoinDetailDataService.swift in Sources */ = {isa = PBXBuildFile; fileRef = F21C95462BA65CC70046BDAB /* CoinDetailDataService.swift */; };
		F239B7D22BA4BCE500CE76C4 /* PortfolioView.swift in Sources */ = {isa = PBXBuildFile; fileRef = F239B7D12BA4BCE500CE76C4 /* PortfolioView.swift */; };
		F239B7D42BA4C06900CE76C4 /* XmarkButton.swift in Sources */ = {isa = PBXBuildFile; fileRef = F239B7D32BA4C06900CE76C4 /* XmarkButton.swift */; };
		F239B7D62BA4C8EE00CE76C4 /* CoinLogoView.swift in Sources */ = {isa = PBXBuildFile; fileRef = F239B7D52BA4C8EE00CE76C4 /* CoinLogoView.swift */; };
		F27215D72BA0C8E100BFC4CA /* CryptoAppApp.swift in Sources */ = {isa = PBXBuildFile; fileRef = F27215D62BA0C8E100BFC4CA /* CryptoAppApp.swift */; };
		F27215DB2BA0C8E200BFC4CA /* Assets.xcassets in Resources */ = {isa = PBXBuildFile; fileRef = F27215DA2BA0C8E200BFC4CA /* Assets.xcassets */; };
		F27215DE2BA0C8E200BFC4CA /* Preview Assets.xcassets in Resources */ = {isa = PBXBuildFile; fileRef = F27215DD2BA0C8E200BFC4CA /* Preview Assets.xcassets */; };
		F27215EB2BA0CA4900BFC4CA /* Color.swift in Sources */ = {isa = PBXBuildFile; fileRef = F27215EA2BA0CA4900BFC4CA /* Color.swift */; };
		F27215F22BA0D00300BFC4CA /* HomeView.swift in Sources */ = {isa = PBXBuildFile; fileRef = F27215F12BA0D00300BFC4CA /* HomeView.swift */; };
		F27215F62BA0D13C00BFC4CA /* CircleButtonView.swift in Sources */ = {isa = PBXBuildFile; fileRef = F27215F52BA0D13C00BFC4CA /* CircleButtonView.swift */; };
		F27215F82BA0D65500BFC4CA /* CircleButtonAnimationView.swift in Sources */ = {isa = PBXBuildFile; fileRef = F27215F72BA0D65500BFC4CA /* CircleButtonAnimationView.swift */; };
		F27215FB2BA0DB8600BFC4CA /* CoinModel.swift in Sources */ = {isa = PBXBuildFile; fileRef = F27215FA2BA0DB8600BFC4CA /* CoinModel.swift */; };
		F27215FD2BA0E9AE00BFC4CA /* CoinRowView.swift in Sources */ = {isa = PBXBuildFile; fileRef = F27215FC2BA0E9AE00BFC4CA /* CoinRowView.swift */; };
		F27216012BA0F01200BFC4CA /* Double.swift in Sources */ = {isa = PBXBuildFile; fileRef = F27216002BA0F01200BFC4CA /* Double.swift */; };
		F27216042BA0F88D00BFC4CA /* DeveloperPreview.swift in Sources */ = {isa = PBXBuildFile; fileRef = F27216032BA0F88D00BFC4CA /* DeveloperPreview.swift */; };
		F27216062BA0FF5C00BFC4CA /* HomeViewModel.swift in Sources */ = {isa = PBXBuildFile; fileRef = F27216052BA0FF5C00BFC4CA /* HomeViewModel.swift */; };
		F27216092BA1061100BFC4CA /* CoinDataService.swift in Sources */ = {isa = PBXBuildFile; fileRef = F27216082BA1061100BFC4CA /* CoinDataService.swift */; };
		F2729D072BA8E49D00AFC9FC /* String.swift in Sources */ = {isa = PBXBuildFile; fileRef = F2729D062BA8E49D00AFC9FC /* String.swift */; };
		F2729D0B2BA8ECEF00AFC9FC /* SettingsView.swift in Sources */ = {isa = PBXBuildFile; fileRef = F2729D0A2BA8ECEF00AFC9FC /* SettingsView.swift */; };
		F2C1C9E82BA4F41E00058975 /* PortfolioContainer.xcdatamodeld in Sources */ = {isa = PBXBuildFile; fileRef = F2C1C9E62BA4F41D00058975 /* PortfolioContainer.xcdatamodeld */; };
		F2C1C9EA2BA4F4E100058975 /* PortfolioDataService.swift in Sources */ = {isa = PBXBuildFile; fileRef = F2C1C9E92BA4F4E100058975 /* PortfolioDataService.swift */; };
		F2D7E1C82BA7AC21005A9455 /* ChartView.swift in Sources */ = {isa = PBXBuildFile; fileRef = F2D7E1C72BA7AC20005A9455 /* ChartView.swift */; };
		F2D7E1CA2BA7B123005A9455 /* Date.swift in Sources */ = {isa = PBXBuildFile; fileRef = F2D7E1C92BA7B123005A9455 /* Date.swift */; };
		F2EB92E92BA24C54007E59EB /* NetworkingManager.swift in Sources */ = {isa = PBXBuildFile; fileRef = F2EB92E82BA24C54007E59EB /* NetworkingManager.swift */; };
		F2EB92EC2BA256CD007E59EB /* CoinImageView.swift in Sources */ = {isa = PBXBuildFile; fileRef = F2EB92EB2BA256CD007E59EB /* CoinImageView.swift */; };
		F2EB92EE2BA2581A007E59EB /* CoinImageService.swift in Sources */ = {isa = PBXBuildFile; fileRef = F2EB92ED2BA2581A007E59EB /* CoinImageService.swift */; };
		F2EB92F22BA2598F007E59EB /* CoinImageViewModel.swift in Sources */ = {isa = PBXBuildFile; fileRef = F2EB92F12BA2598F007E59EB /* CoinImageViewModel.swift */; };
		F2EB92F42BA26418007E59EB /* LocalFileManager.swift in Sources */ = {isa = PBXBuildFile; fileRef = F2EB92F32BA26418007E59EB /* LocalFileManager.swift */; };
		F2EB92F72BA26ECB007E59EB /* SearchBarView.swift in Sources */ = {isa = PBXBuildFile; fileRef = F2EB92F62BA26ECB007E59EB /* SearchBarView.swift */; };
		F2EB92F92BA272D0007E59EB /* UIApplication.swift in Sources */ = {isa = PBXBuildFile; fileRef = F2EB92F82BA272D0007E59EB /* UIApplication.swift */; };
		F2EB92FB2BA39C3C007E59EB /* StatisticModel.swift in Sources */ = {isa = PBXBuildFile; fileRef = F2EB92FA2BA39C3C007E59EB /* StatisticModel.swift */; };
		F2EB92FE2BA39D43007E59EB /* StatisticView.swift in Sources */ = {isa = PBXBuildFile; fileRef = F2EB92FD2BA39D43007E59EB /* StatisticView.swift */; };
		F2EB93002BA3A358007E59EB /* HomeStatsView.swift in Sources */ = {isa = PBXBuildFile; fileRef = F2EB92FF2BA3A358007E59EB /* HomeStatsView.swift */; };
		F2EB93022BA3ACB6007E59EB /* MarketDataModel.swift in Sources */ = {isa = PBXBuildFile; fileRef = F2EB93012BA3ACB6007E59EB /* MarketDataModel.swift */; };
		F2EB93042BA3B03F007E59EB /* MarketDataService.swift in Sources */ = {isa = PBXBuildFile; fileRef = F2EB93032BA3B03F007E59EB /* MarketDataService.swift */; };
/* End PBXBuildFile section */

/* Begin PBXFileReference section */
		F21C953B2BA6373E0046BDAB /* HapticManager.swift */ = {isa = PBXFileReference; lastKnownFileType = sourcecode.swift; path = HapticManager.swift; sourceTree = "<group>"; };
		F21C95402BA64DDF0046BDAB /* DetailView.swift */ = {isa = PBXFileReference; lastKnownFileType = sourcecode.swift; path = DetailView.swift; sourceTree = "<group>"; };
		F21C95422BA6590D0046BDAB /* CoinDetailModel.swift */ = {isa = PBXFileReference; lastKnownFileType = sourcecode.swift; path = CoinDetailModel.swift; sourceTree = "<group>"; };
		F21C95442BA65C9D0046BDAB /* DetailViewModel.swift */ = {isa = PBXFileReference; lastKnownFileType = sourcecode.swift; path = DetailViewModel.swift; sourceTree = "<group>"; };
		F21C95462BA65CC70046BDAB /* CoinDetailDataService.swift */ = {isa = PBXFileReference; lastKnownFileType = sourcecode.swift; path = CoinDetailDataService.swift; sourceTree = "<group>"; };
		F239B7D12BA4BCE500CE76C4 /* PortfolioView.swift */ = {isa = PBXFileReference; lastKnownFileType = sourcecode.swift; path = PortfolioView.swift; sourceTree = "<group>"; };
		F239B7D32BA4C06900CE76C4 /* XmarkButton.swift */ = {isa = PBXFileReference; lastKnownFileType = sourcecode.swift; path = XmarkButton.swift; sourceTree = "<group>"; };
		F239B7D52BA4C8EE00CE76C4 /* CoinLogoView.swift */ = {isa = PBXFileReference; lastKnownFileType = sourcecode.swift; path = CoinLogoView.swift; sourceTree = "<group>"; };
		F27215D32BA0C8E100BFC4CA /* CryptoApp.app */ = {isa = PBXFileReference; explicitFileType = wrapper.application; includeInIndex = 0; path = CryptoApp.app; sourceTree = BUILT_PRODUCTS_DIR; };
		F27215D62BA0C8E100BFC4CA /* CryptoAppApp.swift */ = {isa = PBXFileReference; lastKnownFileType = sourcecode.swift; path = CryptoAppApp.swift; sourceTree = "<group>"; };
		F27215DA2BA0C8E200BFC4CA /* Assets.xcassets */ = {isa = PBXFileReference; lastKnownFileType = folder.assetcatalog; path = Assets.xcassets; sourceTree = "<group>"; };
		F27215DD2BA0C8E200BFC4CA /* Preview Assets.xcassets */ = {isa = PBXFileReference; lastKnownFileType = folder.assetcatalog; path = "Preview Assets.xcassets"; sourceTree = "<group>"; };
		F27215EA2BA0CA4900BFC4CA /* Color.swift */ = {isa = PBXFileReference; lastKnownFileType = sourcecode.swift; path = Color.swift; sourceTree = "<group>"; };
		F27215F12BA0D00300BFC4CA /* HomeView.swift */ = {isa = PBXFileReference; lastKnownFileType = sourcecode.swift; path = HomeView.swift; sourceTree = "<group>"; };
		F27215F52BA0D13C00BFC4CA /* CircleButtonView.swift */ = {isa = PBXFileReference; lastKnownFileType = sourcecode.swift; path = CircleButtonView.swift; sourceTree = "<group>"; };
		F27215F72BA0D65500BFC4CA /* CircleButtonAnimationView.swift */ = {isa = PBXFileReference; lastKnownFileType = sourcecode.swift; path = CircleButtonAnimationView.swift; sourceTree = "<group>"; };
		F27215FA2BA0DB8600BFC4CA /* CoinModel.swift */ = {isa = PBXFileReference; lastKnownFileType = sourcecode.swift; path = CoinModel.swift; sourceTree = "<group>"; };
		F27215FC2BA0E9AE00BFC4CA /* CoinRowView.swift */ = {isa = PBXFileReference; lastKnownFileType = sourcecode.swift; path = CoinRowView.swift; sourceTree = "<group>"; };
		F27216002BA0F01200BFC4CA /* Double.swift */ = {isa = PBXFileReference; lastKnownFileType = sourcecode.swift; path = Double.swift; sourceTree = "<group>"; };
		F27216032BA0F88D00BFC4CA /* DeveloperPreview.swift */ = {isa = PBXFileReference; lastKnownFileType = sourcecode.swift; path = DeveloperPreview.swift; sourceTree = "<group>"; };
		F27216052BA0FF5C00BFC4CA /* HomeViewModel.swift */ = {isa = PBXFileReference; lastKnownFileType = sourcecode.swift; path = HomeViewModel.swift; sourceTree = "<group>"; };
		F27216082BA1061100BFC4CA /* CoinDataService.swift */ = {isa = PBXFileReference; lastKnownFileType = sourcecode.swift; path = CoinDataService.swift; sourceTree = "<group>"; };
		F2729D062BA8E49D00AFC9FC /* String.swift */ = {isa = PBXFileReference; lastKnownFileType = sourcecode.swift; path = String.swift; sourceTree = "<group>"; };
		F2729D0A2BA8ECEF00AFC9FC /* SettingsView.swift */ = {isa = PBXFileReference; lastKnownFileType = sourcecode.swift; path = SettingsView.swift; sourceTree = "<group>"; };
		F2C1C9E72BA4F41E00058975 /* PortfolioContainer.xcdatamodel */ = {isa = PBXFileReference; lastKnownFileType = wrapper.xcdatamodel; path = PortfolioContainer.xcdatamodel; sourceTree = "<group>"; };
		F2C1C9E92BA4F4E100058975 /* PortfolioDataService.swift */ = {isa = PBXFileReference; lastKnownFileType = sourcecode.swift; path = PortfolioDataService.swift; sourceTree = "<group>"; };
		F2D7E1C72BA7AC20005A9455 /* ChartView.swift */ = {isa = PBXFileReference; lastKnownFileType = sourcecode.swift; path = ChartView.swift; sourceTree = "<group>"; };
		F2D7E1C92BA7B123005A9455 /* Date.swift */ = {isa = PBXFileReference; lastKnownFileType = sourcecode.swift; path = Date.swift; sourceTree = "<group>"; };
		F2EB92E82BA24C54007E59EB /* NetworkingManager.swift */ = {isa = PBXFileReference; lastKnownFileType = sourcecode.swift; path = NetworkingManager.swift; sourceTree = "<group>"; };
		F2EB92EB2BA256CD007E59EB /* CoinImageView.swift */ = {isa = PBXFileReference; lastKnownFileType = sourcecode.swift; path = CoinImageView.swift; sourceTree = "<group>"; };
		F2EB92ED2BA2581A007E59EB /* CoinImageService.swift */ = {isa = PBXFileReference; lastKnownFileType = sourcecode.swift; path = CoinImageService.swift; sourceTree = "<group>"; };
		F2EB92F12BA2598F007E59EB /* CoinImageViewModel.swift */ = {isa = PBXFileReference; lastKnownFileType = sourcecode.swift; path = CoinImageViewModel.swift; sourceTree = "<group>"; };
		F2EB92F32BA26418007E59EB /* LocalFileManager.swift */ = {isa = PBXFileReference; lastKnownFileType = sourcecode.swift; path = LocalFileManager.swift; sourceTree = "<group>"; };
		F2EB92F62BA26ECB007E59EB /* SearchBarView.swift */ = {isa = PBXFileReference; lastKnownFileType = sourcecode.swift; path = SearchBarView.swift; sourceTree = "<group>"; };
		F2EB92F82BA272D0007E59EB /* UIApplication.swift */ = {isa = PBXFileReference; lastKnownFileType = sourcecode.swift; path = UIApplication.swift; sourceTree = "<group>"; };
		F2EB92FA2BA39C3C007E59EB /* StatisticModel.swift */ = {isa = PBXFileReference; lastKnownFileType = sourcecode.swift; path = StatisticModel.swift; sourceTree = "<group>"; };
		F2EB92FD2BA39D43007E59EB /* StatisticView.swift */ = {isa = PBXFileReference; lastKnownFileType = sourcecode.swift; path = StatisticView.swift; sourceTree = "<group>"; };
		F2EB92FF2BA3A358007E59EB /* HomeStatsView.swift */ = {isa = PBXFileReference; lastKnownFileType = sourcecode.swift; path = HomeStatsView.swift; sourceTree = "<group>"; };
		F2EB93012BA3ACB6007E59EB /* MarketDataModel.swift */ = {isa = PBXFileReference; lastKnownFileType = sourcecode.swift; path = MarketDataModel.swift; sourceTree = "<group>"; };
		F2EB93032BA3B03F007E59EB /* MarketDataService.swift */ = {isa = PBXFileReference; lastKnownFileType = sourcecode.swift; path = MarketDataService.swift; sourceTree = "<group>"; };
/* End PBXFileReference section */

/* Begin PBXFrameworksBuildPhase section */
		F27215D02BA0C8E100BFC4CA /* Frameworks */ = {
			isa = PBXFrameworksBuildPhase;
			buildActionMask = 2147483647;
			files = (
			);
			runOnlyForDeploymentPostprocessing = 0;
		};
/* End PBXFrameworksBuildPhase section */

/* Begin PBXGroup section */
		F21C953D2BA64DC00046BDAB /* Detail */ = {
			isa = PBXGroup;
			children = (
				F21C953E2BA64DCB0046BDAB /* ViewModels */,
				F21C953F2BA64DD00046BDAB /* Views */,
			);
			path = Detail;
			sourceTree = "<group>";
		};
		F21C953E2BA64DCB0046BDAB /* ViewModels */ = {
			isa = PBXGroup;
			children = (
				F21C95442BA65C9D0046BDAB /* DetailViewModel.swift */,
			);
			path = ViewModels;
			sourceTree = "<group>";
		};
		F21C953F2BA64DD00046BDAB /* Views */ = {
			isa = PBXGroup;
			children = (
				F21C95402BA64DDF0046BDAB /* DetailView.swift */,
				F2D7E1C72BA7AC20005A9455 /* ChartView.swift */,
			);
			path = Views;
			sourceTree = "<group>";
		};
		F27215CA2BA0C8E100BFC4CA = {
			isa = PBXGroup;
			children = (
				F27215D52BA0C8E100BFC4CA /* CryptoApp */,
				F27215D42BA0C8E100BFC4CA /* Products */,
			);
			sourceTree = "<group>";
		};
		F27215D42BA0C8E100BFC4CA /* Products */ = {
			isa = PBXGroup;
			children = (
				F27215D32BA0C8E100BFC4CA /* CryptoApp.app */,
			);
			name = Products;
			sourceTree = "<group>";
		};
		F27215D52BA0C8E100BFC4CA /* CryptoApp */ = {
			isa = PBXGroup;
			children = (
				F2EB92E72BA24B6E007E59EB /* Utilities */,
				F27216072BA1043800BFC4CA /* Services */,
				F27215ED2BA0CFB300BFC4CA /* App */,
				F27215EC2BA0CFA900BFC4CA /* Core */,
				F27215F92BA0DB6400BFC4CA /* Models */,
				F27216022BA0F87C00BFC4CA /* Helpers */,
				F27215E92BA0CA3B00BFC4CA /* Extensions */,
				F27215DA2BA0C8E200BFC4CA /* Assets.xcassets */,
				F27215DC2BA0C8E200BFC4CA /* Preview Content */,
			);
			path = CryptoApp;
			sourceTree = "<group>";
		};
		F27215DC2BA0C8E200BFC4CA /* Preview Content */ = {
			isa = PBXGroup;
			children = (
				F27215DD2BA0C8E200BFC4CA /* Preview Assets.xcassets */,
			);
			path = "Preview Content";
			sourceTree = "<group>";
		};
		F27215E92BA0CA3B00BFC4CA /* Extensions */ = {
			isa = PBXGroup;
			children = (
				F27215EA2BA0CA4900BFC4CA /* Color.swift */,
				F27216002BA0F01200BFC4CA /* Double.swift */,
				F2EB92F82BA272D0007E59EB /* UIApplication.swift */,
				F2D7E1C92BA7B123005A9455 /* Date.swift */,
				F2729D062BA8E49D00AFC9FC /* String.swift */,
			);
			path = Extensions;
			sourceTree = "<group>";
		};
		F27215EC2BA0CFA900BFC4CA /* Core */ = {
			isa = PBXGroup;
			children = (
				F2729D082BA8ECC000AFC9FC /* Settings */,
				F27215F32BA0D10600BFC4CA /* Components */,
				F27215EE2BA0CFC900BFC4CA /* Home */,
				F21C953D2BA64DC00046BDAB /* Detail */,
			);
			path = Core;
			sourceTree = "<group>";
		};
		F27215ED2BA0CFB300BFC4CA /* App */ = {
			isa = PBXGroup;
			children = (
				F27215D62BA0C8E100BFC4CA /* CryptoAppApp.swift */,
			);
			path = App;
			sourceTree = "<group>";
		};
		F27215EE2BA0CFC900BFC4CA /* Home */ = {
			isa = PBXGroup;
			children = (
				F27215F02BA0CFD300BFC4CA /* ViewModels */,
				F27215EF2BA0CFCF00BFC4CA /* Views */,
			);
			path = Home;
			sourceTree = "<group>";
		};
		F27215EF2BA0CFCF00BFC4CA /* Views */ = {
			isa = PBXGroup;
			children = (
				F27215F12BA0D00300BFC4CA /* HomeView.swift */,
				F2EB92FF2BA3A358007E59EB /* HomeStatsView.swift */,
				F27215FC2BA0E9AE00BFC4CA /* CoinRowView.swift */,
				F239B7D12BA4BCE500CE76C4 /* PortfolioView.swift */,
			);
			path = Views;
			sourceTree = "<group>";
		};
		F27215F02BA0CFD300BFC4CA /* ViewModels */ = {
			isa = PBXGroup;
			children = (
				F27216052BA0FF5C00BFC4CA /* HomeViewModel.swift */,
			);
			path = ViewModels;
			sourceTree = "<group>";
		};
		F27215F32BA0D10600BFC4CA /* Components */ = {
			isa = PBXGroup;
			children = (
				F2EB92FC2BA39D32007E59EB /* StatisticView */,
				F2EB92F52BA26EBC007E59EB /* SearchBar */,
				F2EB92EA2BA256B8007E59EB /* CoinImage */,
				F27215F42BA0D12900BFC4CA /* CircleButton */,
				F239B7D32BA4C06900CE76C4 /* XmarkButton.swift */,
			);
			path = Components;
			sourceTree = "<group>";
		};
		F27215F42BA0D12900BFC4CA /* CircleButton */ = {
			isa = PBXGroup;
			children = (
				F27215F52BA0D13C00BFC4CA /* CircleButtonView.swift */,
				F27215F72BA0D65500BFC4CA /* CircleButtonAnimationView.swift */,
			);
			path = CircleButton;
			sourceTree = "<group>";
		};
		F27215F92BA0DB6400BFC4CA /* Models */ = {
			isa = PBXGroup;
			children = (
				F27215FA2BA0DB8600BFC4CA /* CoinModel.swift */,
				F2EB92FA2BA39C3C007E59EB /* StatisticModel.swift */,
				F2EB93012BA3ACB6007E59EB /* MarketDataModel.swift */,
				F2C1C9E62BA4F41D00058975 /* PortfolioContainer.xcdatamodeld */,
				F21C95422BA6590D0046BDAB /* CoinDetailModel.swift */,
			);
			path = Models;
			sourceTree = "<group>";
		};
		F27216022BA0F87C00BFC4CA /* Helpers */ = {
			isa = PBXGroup;
			children = (
				F27216032BA0F88D00BFC4CA /* DeveloperPreview.swift */,
			);
			path = Helpers;
			sourceTree = "<group>";
		};
		F27216072BA1043800BFC4CA /* Services */ = {
			isa = PBXGroup;
			children = (
				F21C95462BA65CC70046BDAB /* CoinDetailDataService.swift */,
				F27216082BA1061100BFC4CA /* CoinDataService.swift */,
				F2EB92ED2BA2581A007E59EB /* CoinImageService.swift */,
				F2EB93032BA3B03F007E59EB /* MarketDataService.swift */,
				F2C1C9E92BA4F4E100058975 /* PortfolioDataService.swift */,
			);
			path = Services;
			sourceTree = "<group>";
		};
		F2729D082BA8ECC000AFC9FC /* Settings */ = {
			isa = PBXGroup;
			children = (
				F2729D092BA8ECE300AFC9FC /* Views */,
			);
			path = Settings;
			sourceTree = "<group>";
		};
		F2729D092BA8ECE300AFC9FC /* Views */ = {
			isa = PBXGroup;
			children = (
				F2729D0A2BA8ECEF00AFC9FC /* SettingsView.swift */,
			);
			path = Views;
			sourceTree = "<group>";
		};
		F2EB92E72BA24B6E007E59EB /* Utilities */ = {
			isa = PBXGroup;
			children = (
				F2EB92E82BA24C54007E59EB /* NetworkingManager.swift */,
				F2EB92F32BA26418007E59EB /* LocalFileManager.swift */,
				F21C953B2BA6373E0046BDAB /* HapticManager.swift */,
			);
			path = Utilities;
			sourceTree = "<group>";
		};
		F2EB92EA2BA256B8007E59EB /* CoinImage */ = {
			isa = PBXGroup;
			children = (
				F2EB92F02BA25973007E59EB /* ViewModel */,
				F2EB92EF2BA25970007E59EB /* View */,
			);
			path = CoinImage;
			sourceTree = "<group>";
		};
		F2EB92EF2BA25970007E59EB /* View */ = {
			isa = PBXGroup;
			children = (
				F2EB92EB2BA256CD007E59EB /* CoinImageView.swift */,
				F239B7D52BA4C8EE00CE76C4 /* CoinLogoView.swift */,
			);
			path = View;
			sourceTree = "<group>";
		};
		F2EB92F02BA25973007E59EB /* ViewModel */ = {
			isa = PBXGroup;
			children = (
				F2EB92F12BA2598F007E59EB /* CoinImageViewModel.swift */,
			);
			path = ViewModel;
			sourceTree = "<group>";
		};
		F2EB92F52BA26EBC007E59EB /* SearchBar */ = {
			isa = PBXGroup;
			children = (
				F2EB92F62BA26ECB007E59EB /* SearchBarView.swift */,
			);
			path = SearchBar;
			sourceTree = "<group>";
		};
		F2EB92FC2BA39D32007E59EB /* StatisticView */ = {
			isa = PBXGroup;
			children = (
				F2EB92FD2BA39D43007E59EB /* StatisticView.swift */,
			);
			path = StatisticView;
			sourceTree = "<group>";
		};
/* End PBXGroup section */

/* Begin PBXNativeTarget section */
		F27215D22BA0C8E100BFC4CA /* CryptoApp */ = {
			isa = PBXNativeTarget;
			buildConfigurationList = F27215E62BA0C8E200BFC4CA /* Build configuration list for PBXNativeTarget "CryptoApp" */;
			buildPhases = (
				F27215CF2BA0C8E100BFC4CA /* Sources */,
				F27215D02BA0C8E100BFC4CA /* Frameworks */,
				F27215D12BA0C8E100BFC4CA /* Resources */,
			);
			buildRules = (
			);
			dependencies = (
			);
			name = CryptoApp;
			productName = CryptoApp;
			productReference = F27215D32BA0C8E100BFC4CA /* CryptoApp.app */;
			productType = "com.apple.product-type.application";
		};
/* End PBXNativeTarget section */

/* Begin PBXProject section */
		F27215CB2BA0C8E100BFC4CA /* Project object */ = {
			isa = PBXProject;
			attributes = {
				BuildIndependentTargetsInParallel = 1;
				LastSwiftUpdateCheck = 1530;
				LastUpgradeCheck = 1530;
				TargetAttributes = {
					F27215D22BA0C8E100BFC4CA = {
						CreatedOnToolsVersion = 15.3;
					};
				};
			};
			buildConfigurationList = F27215CE2BA0C8E100BFC4CA /* Build configuration list for PBXProject "CryptoApp" */;
			compatibilityVersion = "Xcode 14.0";
			developmentRegion = en;
			hasScannedForEncodings = 0;
			knownRegions = (
				en,
				Base,
			);
			mainGroup = F27215CA2BA0C8E100BFC4CA;
			productRefGroup = F27215D42BA0C8E100BFC4CA /* Products */;
			projectDirPath = "";
			projectRoot = "";
			targets = (
				F27215D22BA0C8E100BFC4CA /* CryptoApp */,
			);
		};
/* End PBXProject section */

/* Begin PBXResourcesBuildPhase section */
		F27215D12BA0C8E100BFC4CA /* Resources */ = {
			isa = PBXResourcesBuildPhase;
			buildActionMask = 2147483647;
			files = (
				F27215DE2BA0C8E200BFC4CA /* Preview Assets.xcassets in Resources */,
				F27215DB2BA0C8E200BFC4CA /* Assets.xcassets in Resources */,
			);
			runOnlyForDeploymentPostprocessing = 0;
		};
/* End PBXResourcesBuildPhase section */

/* Begin PBXSourcesBuildPhase section */
		F27215CF2BA0C8E100BFC4CA /* Sources */ = {
			isa = PBXSourcesBuildPhase;
			buildActionMask = 2147483647;
			files = (
				F2EB92FB2BA39C3C007E59EB /* StatisticModel.swift in Sources */,
				F27215FD2BA0E9AE00BFC4CA /* CoinRowView.swift in Sources */,
				F27215F62BA0D13C00BFC4CA /* CircleButtonView.swift in Sources */,
				F2EB93042BA3B03F007E59EB /* MarketDataService.swift in Sources */,
				F239B7D62BA4C8EE00CE76C4 /* CoinLogoView.swift in Sources */,
				F27215F82BA0D65500BFC4CA /* CircleButtonAnimationView.swift in Sources */,
				F2729D0B2BA8ECEF00AFC9FC /* SettingsView.swift in Sources */,
				F27216092BA1061100BFC4CA /* CoinDataService.swift in Sources */,
				F2EB93022BA3ACB6007E59EB /* MarketDataModel.swift in Sources */,
				F21C95432BA6590D0046BDAB /* CoinDetailModel.swift in Sources */,
				F27216042BA0F88D00BFC4CA /* DeveloperPreview.swift in Sources */,
				F27215F22BA0D00300BFC4CA /* HomeView.swift in Sources */,
				F2EB92FE2BA39D43007E59EB /* StatisticView.swift in Sources */,
				F2EB92F92BA272D0007E59EB /* UIApplication.swift in Sources */,
				F2EB92F22BA2598F007E59EB /* CoinImageViewModel.swift in Sources */,
				F21C95412BA64DDF0046BDAB /* DetailView.swift in Sources */,
				F21C95452BA65C9D0046BDAB /* DetailViewModel.swift in Sources */,
				F2D7E1CA2BA7B123005A9455 /* Date.swift in Sources */,
				F27216062BA0FF5C00BFC4CA /* HomeViewModel.swift in Sources */,
				F2EB93002BA3A358007E59EB /* HomeStatsView.swift in Sources */,
				F27215EB2BA0CA4900BFC4CA /* Color.swift in Sources */,
				F2EB92F42BA26418007E59EB /* LocalFileManager.swift in Sources */,
				F2EB92F72BA26ECB007E59EB /* SearchBarView.swift in Sources */,
				F2C1C9EA2BA4F4E100058975 /* PortfolioDataService.swift in Sources */,
				F27215FB2BA0DB8600BFC4CA /* CoinModel.swift in Sources */,
				F2EB92EC2BA256CD007E59EB /* CoinImageView.swift in Sources */,
				F2C1C9E82BA4F41E00058975 /* PortfolioContainer.xcdatamodeld in Sources */,
				F239B7D42BA4C06900CE76C4 /* XmarkButton.swift in Sources */,
				F27216012BA0F01200BFC4CA /* Double.swift in Sources */,
				F2D7E1C82BA7AC21005A9455 /* ChartView.swift in Sources */,
				F21C953C2BA6373E0046BDAB /* HapticManager.swift in Sources */,
				F2729D072BA8E49D00AFC9FC /* String.swift in Sources */,
				F27215D72BA0C8E100BFC4CA /* CryptoAppApp.swift in Sources */,
				F21C95472BA65CC70046BDAB /* CoinDetailDataService.swift in Sources */,
				F2EB92EE2BA2581A007E59EB /* CoinImageService.swift in Sources */,
				F2EB92E92BA24C54007E59EB /* NetworkingManager.swift in Sources */,
				F239B7D22BA4BCE500CE76C4 /* PortfolioView.swift in Sources */,
			);
			runOnlyForDeploymentPostprocessing = 0;
		};
/* End PBXSourcesBuildPhase section */

/* Begin XCBuildConfiguration section */
		F27215E42BA0C8E200BFC4CA /* Debug */ = {
			isa = XCBuildConfiguration;
			buildSettings = {
				ALWAYS_SEARCH_USER_PATHS = NO;
				ASSETCATALOG_COMPILER_GENERATE_SWIFT_ASSET_SYMBOL_EXTENSIONS = YES;
				CLANG_ANALYZER_NONNULL = YES;
				CLANG_ANALYZER_NUMBER_OBJECT_CONVERSION = YES_AGGRESSIVE;
				CLANG_CXX_LANGUAGE_STANDARD = "gnu++20";
				CLANG_ENABLE_MODULES = YES;
				CLANG_ENABLE_OBJC_ARC = YES;
				CLANG_ENABLE_OBJC_WEAK = YES;
				CLANG_WARN_BLOCK_CAPTURE_AUTORELEASING = YES;
				CLANG_WARN_BOOL_CONVERSION = YES;
				CLANG_WARN_COMMA = YES;
				CLANG_WARN_CONSTANT_CONVERSION = YES;
				CLANG_WARN_DEPRECATED_OBJC_IMPLEMENTATIONS = YES;
				CLANG_WARN_DIRECT_OBJC_ISA_USAGE = YES_ERROR;
				CLANG_WARN_DOCUMENTATION_COMMENTS = YES;
				CLANG_WARN_EMPTY_BODY = YES;
				CLANG_WARN_ENUM_CONVERSION = YES;
				CLANG_WARN_INFINITE_RECURSION = YES;
				CLANG_WARN_INT_CONVERSION = YES;
				CLANG_WARN_NON_LITERAL_NULL_CONVERSION = YES;
				CLANG_WARN_OBJC_IMPLICIT_RETAIN_SELF = YES;
				CLANG_WARN_OBJC_LITERAL_CONVERSION = YES;
				CLANG_WARN_OBJC_ROOT_CLASS = YES_ERROR;
				CLANG_WARN_QUOTED_INCLUDE_IN_FRAMEWORK_HEADER = YES;
				CLANG_WARN_RANGE_LOOP_ANALYSIS = YES;
				CLANG_WARN_STRICT_PROTOTYPES = YES;
				CLANG_WARN_SUSPICIOUS_MOVE = YES;
				CLANG_WARN_UNGUARDED_AVAILABILITY = YES_AGGRESSIVE;
				CLANG_WARN_UNREACHABLE_CODE = YES;
				CLANG_WARN__DUPLICATE_METHOD_MATCH = YES;
				COPY_PHASE_STRIP = NO;
				DEBUG_INFORMATION_FORMAT = dwarf;
				ENABLE_STRICT_OBJC_MSGSEND = YES;
				ENABLE_TESTABILITY = YES;
				ENABLE_USER_SCRIPT_SANDBOXING = YES;
				GCC_C_LANGUAGE_STANDARD = gnu17;
				GCC_DYNAMIC_NO_PIC = NO;
				GCC_NO_COMMON_BLOCKS = YES;
				GCC_OPTIMIZATION_LEVEL = 0;
				GCC_PREPROCESSOR_DEFINITIONS = (
					"DEBUG=1",
					"$(inherited)",
				);
				GCC_WARN_64_TO_32_BIT_CONVERSION = YES;
				GCC_WARN_ABOUT_RETURN_TYPE = YES_ERROR;
				GCC_WARN_UNDECLARED_SELECTOR = YES;
				GCC_WARN_UNINITIALIZED_AUTOS = YES_AGGRESSIVE;
				GCC_WARN_UNUSED_FUNCTION = YES;
				GCC_WARN_UNUSED_VARIABLE = YES;
				IPHONEOS_DEPLOYMENT_TARGET = 17.4;
				LOCALIZATION_PREFERS_STRING_CATALOGS = YES;
				MTL_ENABLE_DEBUG_INFO = INCLUDE_SOURCE;
				MTL_FAST_MATH = YES;
				ONLY_ACTIVE_ARCH = YES;
				SDKROOT = iphoneos;
				SWIFT_ACTIVE_COMPILATION_CONDITIONS = "DEBUG $(inherited)";
				SWIFT_OPTIMIZATION_LEVEL = "-Onone";
			};
			name = Debug;
		};
		F27215E52BA0C8E200BFC4CA /* Release */ = {
			isa = XCBuildConfiguration;
			buildSettings = {
				ALWAYS_SEARCH_USER_PATHS = NO;
				ASSETCATALOG_COMPILER_GENERATE_SWIFT_ASSET_SYMBOL_EXTENSIONS = YES;
				CLANG_ANALYZER_NONNULL = YES;
				CLANG_ANALYZER_NUMBER_OBJECT_CONVERSION = YES_AGGRESSIVE;
				CLANG_CXX_LANGUAGE_STANDARD = "gnu++20";
				CLANG_ENABLE_MODULES = YES;
				CLANG_ENABLE_OBJC_ARC = YES;
				CLANG_ENABLE_OBJC_WEAK = YES;
				CLANG_WARN_BLOCK_CAPTURE_AUTORELEASING = YES;
				CLANG_WARN_BOOL_CONVERSION = YES;
				CLANG_WARN_COMMA = YES;
				CLANG_WARN_CONSTANT_CONVERSION = YES;
				CLANG_WARN_DEPRECATED_OBJC_IMPLEMENTATIONS = YES;
				CLANG_WARN_DIRECT_OBJC_ISA_USAGE = YES_ERROR;
				CLANG_WARN_DOCUMENTATION_COMMENTS = YES;
				CLANG_WARN_EMPTY_BODY = YES;
				CLANG_WARN_ENUM_CONVERSION = YES;
				CLANG_WARN_INFINITE_RECURSION = YES;
				CLANG_WARN_INT_CONVERSION = YES;
				CLANG_WARN_NON_LITERAL_NULL_CONVERSION = YES;
				CLANG_WARN_OBJC_IMPLICIT_RETAIN_SELF = YES;
				CLANG_WARN_OBJC_LITERAL_CONVERSION = YES;
				CLANG_WARN_OBJC_ROOT_CLASS = YES_ERROR;
				CLANG_WARN_QUOTED_INCLUDE_IN_FRAMEWORK_HEADER = YES;
				CLANG_WARN_RANGE_LOOP_ANALYSIS = YES;
				CLANG_WARN_STRICT_PROTOTYPES = YES;
				CLANG_WARN_SUSPICIOUS_MOVE = YES;
				CLANG_WARN_UNGUARDED_AVAILABILITY = YES_AGGRESSIVE;
				CLANG_WARN_UNREACHABLE_CODE = YES;
				CLANG_WARN__DUPLICATE_METHOD_MATCH = YES;
				COPY_PHASE_STRIP = NO;
				DEBUG_INFORMATION_FORMAT = "dwarf-with-dsym";
				ENABLE_NS_ASSERTIONS = NO;
				ENABLE_STRICT_OBJC_MSGSEND = YES;
				ENABLE_USER_SCRIPT_SANDBOXING = YES;
				GCC_C_LANGUAGE_STANDARD = gnu17;
				GCC_NO_COMMON_BLOCKS = YES;
				GCC_WARN_64_TO_32_BIT_CONVERSION = YES;
				GCC_WARN_ABOUT_RETURN_TYPE = YES_ERROR;
				GCC_WARN_UNDECLARED_SELECTOR = YES;
				GCC_WARN_UNINITIALIZED_AUTOS = YES_AGGRESSIVE;
				GCC_WARN_UNUSED_FUNCTION = YES;
				GCC_WARN_UNUSED_VARIABLE = YES;
				IPHONEOS_DEPLOYMENT_TARGET = 17.4;
				LOCALIZATION_PREFERS_STRING_CATALOGS = YES;
				MTL_ENABLE_DEBUG_INFO = NO;
				MTL_FAST_MATH = YES;
				SDKROOT = iphoneos;
				SWIFT_COMPILATION_MODE = wholemodule;
				VALIDATE_PRODUCT = YES;
			};
			name = Release;
		};
		F27215E72BA0C8E200BFC4CA /* Debug */ = {
			isa = XCBuildConfiguration;
			buildSettings = {
				ASSETCATALOG_COMPILER_APPICON_NAME = AppIcon;
				ASSETCATALOG_COMPILER_GLOBAL_ACCENT_COLOR_NAME = AccentColor;
				CODE_SIGN_STYLE = Automatic;
				CURRENT_PROJECT_VERSION = 1;
				DEVELOPMENT_ASSET_PATHS = "\"CryptoApp/Preview Content\"";
				DEVELOPMENT_TEAM = 8VP935Z67L;
				ENABLE_PREVIEWS = YES;
				GENERATE_INFOPLIST_FILE = YES;
				INFOPLIST_KEY_UIApplicationSceneManifest_Generation = YES;
				INFOPLIST_KEY_UIApplicationSupportsIndirectInputEvents = YES;
				INFOPLIST_KEY_UILaunchScreen_Generation = YES;
				INFOPLIST_KEY_UISupportedInterfaceOrientations_iPad = "UIInterfaceOrientationPortrait UIInterfaceOrientationPortraitUpsideDown UIInterfaceOrientationLandscapeLeft UIInterfaceOrientationLandscapeRight";
				INFOPLIST_KEY_UISupportedInterfaceOrientations_iPhone = "UIInterfaceOrientationPortrait UIInterfaceOrientationLandscapeLeft UIInterfaceOrientationLandscapeRight";
				LD_RUNPATH_SEARCH_PATHS = (
					"$(inherited)",
					"@executable_path/Frameworks",
				);
				MARKETING_VERSION = 1.0;
				PRODUCT_BUNDLE_IDENTIFIER = com.suayipemre.CryptoApp;
				PRODUCT_NAME = "$(TARGET_NAME)";
				SWIFT_EMIT_LOC_STRINGS = YES;
				SWIFT_VERSION = 5.0;
				TARGETED_DEVICE_FAMILY = "1,2";
			};
			name = Debug;
		};
		F27215E82BA0C8E200BFC4CA /* Release */ = {
			isa = XCBuildConfiguration;
			buildSettings = {
				ASSETCATALOG_COMPILER_APPICON_NAME = AppIcon;
				ASSETCATALOG_COMPILER_GLOBAL_ACCENT_COLOR_NAME = AccentColor;
				CODE_SIGN_STYLE = Automatic;
				CURRENT_PROJECT_VERSION = 1;
				DEVELOPMENT_ASSET_PATHS = "\"CryptoApp/Preview Content\"";
				DEVELOPMENT_TEAM = 8VP935Z67L;
				ENABLE_PREVIEWS = YES;
				GENERATE_INFOPLIST_FILE = YES;
				INFOPLIST_KEY_UIApplicationSceneManifest_Generation = YES;
				INFOPLIST_KEY_UIApplicationSupportsIndirectInputEvents = YES;
				INFOPLIST_KEY_UILaunchScreen_Generation = YES;
				INFOPLIST_KEY_UISupportedInterfaceOrientations_iPad = "UIInterfaceOrientationPortrait UIInterfaceOrientationPortraitUpsideDown UIInterfaceOrientationLandscapeLeft UIInterfaceOrientationLandscapeRight";
				INFOPLIST_KEY_UISupportedInterfaceOrientations_iPhone = "UIInterfaceOrientationPortrait UIInterfaceOrientationLandscapeLeft UIInterfaceOrientationLandscapeRight";
				LD_RUNPATH_SEARCH_PATHS = (
					"$(inherited)",
					"@executable_path/Frameworks",
				);
				MARKETING_VERSION = 1.0;
				PRODUCT_BUNDLE_IDENTIFIER = com.suayipemre.CryptoApp;
				PRODUCT_NAME = "$(TARGET_NAME)";
				SWIFT_EMIT_LOC_STRINGS = YES;
				SWIFT_VERSION = 5.0;
				TARGETED_DEVICE_FAMILY = "1,2";
			};
			name = Release;
		};
/* End XCBuildConfiguration section */

/* Begin XCConfigurationList section */
		F27215CE2BA0C8E100BFC4CA /* Build configuration list for PBXProject "CryptoApp" */ = {
			isa = XCConfigurationList;
			buildConfigurations = (
				F27215E42BA0C8E200BFC4CA /* Debug */,
				F27215E52BA0C8E200BFC4CA /* Release */,
			);
			defaultConfigurationIsVisible = 0;
			defaultConfigurationName = Release;
		};
		F27215E62BA0C8E200BFC4CA /* Build configuration list for PBXNativeTarget "CryptoApp" */ = {
			isa = XCConfigurationList;
			buildConfigurations = (
				F27215E72BA0C8E200BFC4CA /* Debug */,
				F27215E82BA0C8E200BFC4CA /* Release */,
			);
			defaultConfigurationIsVisible = 0;
			defaultConfigurationName = Release;
		};
/* End XCConfigurationList section */

/* Begin XCVersionGroup section */
		F2C1C9E62BA4F41D00058975 /* PortfolioContainer.xcdatamodeld */ = {
			isa = XCVersionGroup;
			children = (
				F2C1C9E72BA4F41E00058975 /* PortfolioContainer.xcdatamodel */,
			);
			currentVersion = F2C1C9E72BA4F41E00058975 /* PortfolioContainer.xcdatamodel */;
			name = PortfolioContainer.xcdatamodeld;
			path = /Users/suayipemre/Desktop/CryptoApp/CryptoApp/Models/PortfolioContainer.xcdatamodeld;
			sourceTree = "<group>";
			versionGroupType = wrapper.xcdatamodel;
		};
/* End XCVersionGroup section */
	};
	rootObject = F27215CB2BA0C8E100BFC4CA /* Project object */;
}
